
Microsoft Visual Studio Solution File, Format Version 12.00
# Visual Studio Version 16
VisualStudioVersion = 16.0.31624.102
MinimumVisualStudioVersion = 10.0.40219.1
Project("{FAE04EC0-301F-11D3-BF4B-00C04F79EFBC}") = "LeetCode", "LeetCode.csproj", "{94C7E378-09AC-4853-8FDF-6A317764B1A0}"
EndProject
Global
	GlobalSection(SolutionConfigurationPlatforms) = preSolution
		Debug|Any CPU = Debug|Any CPU
		Release|Any CPU = Release|Any CPU
	EndGlobalSection
	GlobalSection(ProjectConfigurationPlatforms) = postSolution
		{94C7E378-09AC-4853-8FDF-6A317764B1A0}.Debug|Any CPU.ActiveCfg = Debug|Any CPU
		{94C7E378-09AC-4853-8FDF-6A317764B1A0}.Debug|Any CPU.Build.0 = Debug|Any CPU
		{94C7E378-09AC-4853-8FDF-6A317764B1A0}.Release|Any CPU.ActiveCfg = Release|Any CPU
		{94C7E378-09AC-4853-8FDF-6A317764B1A0}.Release|Any CPU.Build.0 = Release|Any CPU
	EndGlobalSection
	GlobalSection(SolutionProperties) = preSolution
		HideSolutionNode = FALSE
	EndGlobalSection
	GlobalSection(ExtensibilityGlobals) = postSolution
		SolutionGuid = {740BECE1-010B-4B43-ABF9-66006E25D81B}
	EndGlobalSection
EndGlobal
